
Microsoft Visual Studio Solution File, Format Version 12.00
Project("{FAE04EC0-301F-11D3-BF4B-00C04F79EFBC}") = "Travellers Coffee", "Travellers Coffee\Travellers Coffee.csproj", "{BFAD51ED-CAC2-4B5A-A65C-C8EBE5E21B37}"
EndProject
Global
	GlobalSection(SolutionConfigurationPlatforms) = preSolution
		Debug|Any CPU = Debug|Any CPU
		Release|Any CPU = Release|Any CPU
	EndGlobalSection
	GlobalSection(ProjectConfigurationPlatforms) = postSolution
		{BFAD51ED-CAC2-4B5A-A65C-C8EBE5E21B37}.Debug|Any CPU.ActiveCfg = Debug|Any CPU
		{BFAD51ED-CAC2-4B5A-A65C-C8EBE5E21B37}.Debug|Any CPU.Build.0 = Debug|Any CPU
		{BFAD51ED-CAC2-4B5A-A65C-C8EBE5E21B37}.Release|Any CPU.ActiveCfg = Release|Any CPU
		{BFAD51ED-CAC2-4B5A-A65C-C8EBE5E21B37}.Release|Any CPU.Build.0 = Release|Any CPU
	EndGlobalSection
EndGlobal
